
Microsoft Visual Studio Solution File, Format Version 12.00
# Visual Studio 2013
VisualStudioVersion = 12.0.31101.0
MinimumVisualStudioVersion = 10.0.40219.1
Project("{FAE04EC0-301F-11D3-BF4B-00C04F79EFBC}") = "Ejemplo3Capas", "Ejemplo3Capas\Ejemplo3Capas.csproj", "{6F603384-6216-4C42-BC94-7A267184BE7A}"
EndProject
Project("{FAE04EC0-301F-11D3-BF4B-00C04F79EFBC}") = "Logica", "Logica\Logica.csproj", "{77391EE2-28D3-4233-9A07-F2760C6E908B}"
EndProject
Project("{FAE04EC0-301F-11D3-BF4B-00C04F79EFBC}") = "Negocio", "Negocio\Negocio.csproj", "{32D176AA-5189-4B5F-9A28-D0D450F2B4F9}"
EndProject
Global
	GlobalSection(SolutionConfigurationPlatforms) = preSolution
		Debug|Any CPU = Debug|Any CPU
		Release|Any CPU = Release|Any CPU
	EndGlobalSection
	GlobalSection(ProjectConfigurationPlatforms) = postSolution
		{6F603384-6216-4C42-BC94-7A267184BE7A}.Debug|Any CPU.ActiveCfg = Debug|Any CPU
		{6F603384-6216-4C42-BC94-7A267184BE7A}.Debug|Any CPU.Build.0 = Debug|Any CPU
		{6F603384-6216-4C42-BC94-7A267184BE7A}.Release|Any CPU.ActiveCfg = Release|Any CPU
		{6F603384-6216-4C42-BC94-7A267184BE7A}.Release|Any CPU.Build.0 = Release|Any CPU
		{77391EE2-28D3-4233-9A07-F2760C6E908B}.Debug|Any CPU.ActiveCfg = Debug|Any CPU
		{77391EE2-28D3-4233-9A07-F2760C6E908B}.Debug|Any CPU.Build.0 = Debug|Any CPU
		{77391EE2-28D3-4233-9A07-F2760C6E908B}.Release|Any CPU.ActiveCfg = Release|Any CPU
		{77391EE2-28D3-4233-9A07-F2760C6E908B}.Release|Any CPU.Build.0 = Release|Any CPU
		{32D176AA-5189-4B5F-9A28-D0D450F2B4F9}.Debug|Any CPU.ActiveCfg = Debug|Any CPU
		{32D176AA-5189-4B5F-9A28-D0D450F2B4F9}.Debug|Any CPU.Build.0 = Debug|Any CPU
		{32D176AA-5189-4B5F-9A28-D0D450F2B4F9}.Release|Any CPU.ActiveCfg = Release|Any CPU
		{32D176AA-5189-4B5F-9A28-D0D450F2B4F9}.Release|Any CPU.Build.0 = Release|Any CPU
	EndGlobalSection
	GlobalSection(SolutionProperties) = preSolution
		HideSolutionNode = FALSE
	EndGlobalSection
EndGlobal
